
Microsoft Visual Studio Solution File, Format Version 12.00
# Visual Studio Version 16
VisualStudioVersion = 16.0.32228.343
MinimumVisualStudioVersion = 10.0.40219.1
Project("{FAE04EC0-301F-11D3-BF4B-00C04F79EFBC}") = "firstTest", "firstTest\firstTest.csproj", "{EC13DB38-7E1B-484D-B4AB-8072FD9ED66F}"
EndProject
Global
	GlobalSection(SolutionConfigurationPlatforms) = preSolution
		Debug|Any CPU = Debug|Any CPU
		Release|Any CPU = Release|Any CPU
	EndGlobalSection
	GlobalSection(ProjectConfigurationPlatforms) = postSolution
		{EC13DB38-7E1B-484D-B4AB-8072FD9ED66F}.Debug|Any CPU.ActiveCfg = Debug|Any CPU
		{EC13DB38-7E1B-484D-B4AB-8072FD9ED66F}.Debug|Any CPU.Build.0 = Debug|Any CPU
		{EC13DB38-7E1B-484D-B4AB-8072FD9ED66F}.Release|Any CPU.ActiveCfg = Release|Any CPU
		{EC13DB38-7E1B-484D-B4AB-8072FD9ED66F}.Release|Any CPU.Build.0 = Release|Any CPU
	EndGlobalSection
	GlobalSection(SolutionProperties) = preSolution
		HideSolutionNode = FALSE
	EndGlobalSection
	GlobalSection(ExtensibilityGlobals) = postSolution
		SolutionGuid = {0BF62558-913E-49DB-99A2-E369EF4FDA66}
	EndGlobalSection
EndGlobal
